
Microsoft Visual Studio Solution File, Format Version 12.00
# Visual Studio 15
VisualStudioVersion = 15.0.26430.6
MinimumVisualStudioVersion = 10.0.40219.1
Project("{2150E333-8FDC-42A3-9474-1A3956D46DE8}") = "src", "src", "{17982A1F-1B1A-41C8-A200-1922BA6FFD8E}"
EndProject
Project("{2150E333-8FDC-42A3-9474-1A3956D46DE8}") = "nuget", "nuget", "{A5252323-3708-4EE6-BF28-80B1FA80E64F}"
	ProjectSection(SolutionItems) = preProject
		nuget\alamut-pack.bat = nuget\alamut-pack.bat
		nuget\alamut-publish.bat = nuget\alamut-publish.bat
		nuget\update-package.txt = nuget\update-package.txt
	EndProjectSection
EndProject
Project("{2150E333-8FDC-42A3-9474-1A3956D46DE8}") = "test", "test", "{DEBF0D01-9702-493A-864C-BF856280F281}"
EndProject
Project("{9A19103F-16F7-4668-BE54-9A1E7A4F7556}") = "Alamut.Core", "src\Alamut.Core\Alamut.Core.csproj", "{5577C183-60C5-461F-8514-300F67B11E65}"
EndProject
Project("{9A19103F-16F7-4668-BE54-9A1E7A4F7556}") = "Alamut.Helpers", "src\Alamut.Helpers\Alamut.Helpers.csproj", "{AD2E52DB-4F34-40AA-8FF9-DCE9B3D959DE}"
EndProject
Project("{9A19103F-16F7-4668-BE54-9A1E7A4F7556}") = "Alamut.Data", "src\Alamut.Data\Alamut.Data.csproj", "{5C6AE2D3-C7CB-4323-9BB3-323892BC5963}"
EndProject
Project("{9A19103F-16F7-4668-BE54-9A1E7A4F7556}") = "Alamut.Data.MongoDb", "src\Alamut.Data.MongoDb\Alamut.Data.MongoDb.csproj", "{8302E370-A4A2-4D94-B68E-DDBB225D53D4}"
EndProject
Project("{9A19103F-16F7-4668-BE54-9A1E7A4F7556}") = "Alamut.Service", "src\Alamut.Service\Alamut.Service.csproj", "{23BC6B34-44B9-41B6-8AB8-2E334C28A523}"
EndProject
Project("{9A19103F-16F7-4668-BE54-9A1E7A4F7556}") = "Alamut.Data.Sql.EF", "src\Alamut.Data.Sql.EF\Alamut.Data.Sql.EF.csproj", "{B0A2E976-7060-409A-8BB9-BB9E72E7781E}"
EndProject
Project("{9A19103F-16F7-4668-BE54-9A1E7A4F7556}") = "Alamut.Utilities", "src\Alamut.Utilities\Alamut.Utilities.csproj", "{FA54083B-CF7C-42B2-895D-1CB2E7E541A8}"
EndProject
Project("{9A19103F-16F7-4668-BE54-9A1E7A4F7556}") = "Alamut.Data.Sql.EF.Test", "test\Alamut.Data.Sql.EF.Test\Alamut.Data.Sql.EF.Test.csproj", "{2EB1CE6A-A689-44D8-9DCD-8AF1A2DB6FA7}"
EndProject
Project("{9A19103F-16F7-4668-BE54-9A1E7A4F7556}") = "Alamut.Data.Test", "test\Alamut.Data.Test\Alamut.Data.Test.csproj", "{E620A9F0-803D-4622-B5F0-892FAB326D98}"
EndProject
Project("{FAE04EC0-301F-11D3-BF4B-00C04F79EFBC}") = "Alamut.Extensions.Microsoft.DependencyInjection", "src\Alamut.Extensions.Microsoft.DependencyInjection\Alamut.Extensions.Microsoft.DependencyInjection.csproj", "{EEDC594C-B00F-4886-B06E-F9AF3275D817}"
EndProject
Global
	GlobalSection(SolutionConfigurationPlatforms) = preSolution
		Debug|Any CPU = Debug|Any CPU
		Release|Any CPU = Release|Any CPU
	EndGlobalSection
	GlobalSection(ProjectConfigurationPlatforms) = postSolution
		{5577C183-60C5-461F-8514-300F67B11E65}.Debug|Any CPU.ActiveCfg = Debug|Any CPU
		{5577C183-60C5-461F-8514-300F67B11E65}.Debug|Any CPU.Build.0 = Debug|Any CPU
		{5577C183-60C5-461F-8514-300F67B11E65}.Release|Any CPU.ActiveCfg = Release|Any CPU
		{5577C183-60C5-461F-8514-300F67B11E65}.Release|Any CPU.Build.0 = Release|Any CPU
		{AD2E52DB-4F34-40AA-8FF9-DCE9B3D959DE}.Debug|Any CPU.ActiveCfg = Debug|Any CPU
		{AD2E52DB-4F34-40AA-8FF9-DCE9B3D959DE}.Debug|Any CPU.Build.0 = Debug|Any CPU
		{AD2E52DB-4F34-40AA-8FF9-DCE9B3D959DE}.Release|Any CPU.ActiveCfg = Release|Any CPU
		{AD2E52DB-4F34-40AA-8FF9-DCE9B3D959DE}.Release|Any CPU.Build.0 = Release|Any CPU
		{5C6AE2D3-C7CB-4323-9BB3-323892BC5963}.Debug|Any CPU.ActiveCfg = Debug|Any CPU
		{5C6AE2D3-C7CB-4323-9BB3-323892BC5963}.Debug|Any CPU.Build.0 = Debug|Any CPU
		{5C6AE2D3-C7CB-4323-9BB3-323892BC5963}.Release|Any CPU.ActiveCfg = Release|Any CPU
		{5C6AE2D3-C7CB-4323-9BB3-323892BC5963}.Release|Any CPU.Build.0 = Release|Any CPU
		{8302E370-A4A2-4D94-B68E-DDBB225D53D4}.Debug|Any CPU.ActiveCfg = Debug|Any CPU
		{8302E370-A4A2-4D94-B68E-DDBB225D53D4}.Debug|Any CPU.Build.0 = Debug|Any CPU
		{8302E370-A4A2-4D94-B68E-DDBB225D53D4}.Release|Any CPU.ActiveCfg = Release|Any CPU
		{8302E370-A4A2-4D94-B68E-DDBB225D53D4}.Release|Any CPU.Build.0 = Release|Any CPU
		{23BC6B34-44B9-41B6-8AB8-2E334C28A523}.Debug|Any CPU.ActiveCfg = Debug|Any CPU
		{23BC6B34-44B9-41B6-8AB8-2E334C28A523}.Debug|Any CPU.Build.0 = Debug|Any CPU
		{23BC6B34-44B9-41B6-8AB8-2E334C28A523}.Release|Any CPU.ActiveCfg = Release|Any CPU
		{23BC6B34-44B9-41B6-8AB8-2E334C28A523}.Release|Any CPU.Build.0 = Release|Any CPU
		{B0A2E976-7060-409A-8BB9-BB9E72E7781E}.Debug|Any CPU.ActiveCfg = Debug|Any CPU
		{B0A2E976-7060-409A-8BB9-BB9E72E7781E}.Debug|Any CPU.Build.0 = Debug|Any CPU
		{B0A2E976-7060-409A-8BB9-BB9E72E7781E}.Release|Any CPU.ActiveCfg = Release|Any CPU
		{B0A2E976-7060-409A-8BB9-BB9E72E7781E}.Release|Any CPU.Build.0 = Release|Any CPU
		{FA54083B-CF7C-42B2-895D-1CB2E7E541A8}.Debug|Any CPU.ActiveCfg = Debug|Any CPU
		{FA54083B-CF7C-42B2-895D-1CB2E7E541A8}.Debug|Any CPU.Build.0 = Debug|Any CPU
		{FA54083B-CF7C-42B2-895D-1CB2E7E541A8}.Release|Any CPU.ActiveCfg = Release|Any CPU
		{FA54083B-CF7C-42B2-895D-1CB2E7E541A8}.Release|Any CPU.Build.0 = Release|Any CPU
		{2EB1CE6A-A689-44D8-9DCD-8AF1A2DB6FA7}.Debug|Any CPU.ActiveCfg = Debug|Any CPU
		{2EB1CE6A-A689-44D8-9DCD-8AF1A2DB6FA7}.Debug|Any CPU.Build.0 = Debug|Any CPU
		{2EB1CE6A-A689-44D8-9DCD-8AF1A2DB6FA7}.Release|Any CPU.ActiveCfg = Release|Any CPU
		{2EB1CE6A-A689-44D8-9DCD-8AF1A2DB6FA7}.Release|Any CPU.Build.0 = Release|Any CPU
		{E620A9F0-803D-4622-B5F0-892FAB326D98}.Debug|Any CPU.ActiveCfg = Debug|Any CPU
		{E620A9F0-803D-4622-B5F0-892FAB326D98}.Debug|Any CPU.Build.0 = Debug|Any CPU
		{E620A9F0-803D-4622-B5F0-892FAB326D98}.Release|Any CPU.ActiveCfg = Release|Any CPU
		{E620A9F0-803D-4622-B5F0-892FAB326D98}.Release|Any CPU.Build.0 = Release|Any CPU
		{EEDC594C-B00F-4886-B06E-F9AF3275D817}.Debug|Any CPU.ActiveCfg = Debug|Any CPU
		{EEDC594C-B00F-4886-B06E-F9AF3275D817}.Debug|Any CPU.Build.0 = Debug|Any CPU
		{EEDC594C-B00F-4886-B06E-F9AF3275D817}.Release|Any CPU.ActiveCfg = Release|Any CPU
		{EEDC594C-B00F-4886-B06E-F9AF3275D817}.Release|Any CPU.Build.0 = Release|Any CPU
	EndGlobalSection
	GlobalSection(SolutionProperties) = preSolution
		HideSolutionNode = FALSE
	EndGlobalSection
	GlobalSection(NestedProjects) = preSolution
		{5577C183-60C5-461F-8514-300F67B11E65} = {17982A1F-1B1A-41C8-A200-1922BA6FFD8E}
		{AD2E52DB-4F34-40AA-8FF9-DCE9B3D959DE} = {17982A1F-1B1A-41C8-A200-1922BA6FFD8E}
		{5C6AE2D3-C7CB-4323-9BB3-323892BC5963} = {17982A1F-1B1A-41C8-A200-1922BA6FFD8E}
		{8302E370-A4A2-4D94-B68E-DDBB225D53D4} = {17982A1F-1B1A-41C8-A200-1922BA6FFD8E}
		{23BC6B34-44B9-41B6-8AB8-2E334C28A523} = {17982A1F-1B1A-41C8-A200-1922BA6FFD8E}
		{B0A2E976-7060-409A-8BB9-BB9E72E7781E} = {17982A1F-1B1A-41C8-A200-1922BA6FFD8E}
		{FA54083B-CF7C-42B2-895D-1CB2E7E541A8} = {17982A1F-1B1A-41C8-A200-1922BA6FFD8E}
		{2EB1CE6A-A689-44D8-9DCD-8AF1A2DB6FA7} = {DEBF0D01-9702-493A-864C-BF856280F281}
		{E620A9F0-803D-4622-B5F0-892FAB326D98} = {DEBF0D01-9702-493A-864C-BF856280F281}
		{EEDC594C-B00F-4886-B06E-F9AF3275D817} = {17982A1F-1B1A-41C8-A200-1922BA6FFD8E}
	EndGlobalSection
	GlobalSection(ExtensibilityGlobals) = postSolution
		SolutionGuid = {22CAA7F6-8246-4BF4-9515-E68BDB92BC63}
	EndGlobalSection
EndGlobal
